
Microsoft Visual Studio Solution File, Format Version 12.00
# Visual Studio Version 16
VisualStudioVersion = 16.0.31424.327
MinimumVisualStudioVersion = 10.0.40219.1
Project("{FAE04EC0-301F-11D3-BF4B-00C04F79EFBC}") = "EstruturaDeDados", "EstruturaDeDados\EstruturaDeDados.csproj", "{18677A0C-EAEC-4494-AED9-B48DBAC929D8}"
EndProject
Global
	GlobalSection(SolutionConfigurationPlatforms) = preSolution
		Debug|Any CPU = Debug|Any CPU
		Release|Any CPU = Release|Any CPU
	EndGlobalSection
	GlobalSection(ProjectConfigurationPlatforms) = postSolution
		{18677A0C-EAEC-4494-AED9-B48DBAC929D8}.Debug|Any CPU.ActiveCfg = Debug|Any CPU
		{18677A0C-EAEC-4494-AED9-B48DBAC929D8}.Debug|Any CPU.Build.0 = Debug|Any CPU
		{18677A0C-EAEC-4494-AED9-B48DBAC929D8}.Release|Any CPU.ActiveCfg = Release|Any CPU
		{18677A0C-EAEC-4494-AED9-B48DBAC929D8}.Release|Any CPU.Build.0 = Release|Any CPU
	EndGlobalSection
	GlobalSection(SolutionProperties) = preSolution
		HideSolutionNode = FALSE
	EndGlobalSection
	GlobalSection(ExtensibilityGlobals) = postSolution
		SolutionGuid = {5D0E7999-946C-46C5-AADF-30CFE256B9F7}
	EndGlobalSection
EndGlobal
